
Microsoft Visual Studio Solution File, Format Version 12.00
# Visual Studio Version 16
VisualStudioVersion = 16.0.29613.14
MinimumVisualStudioVersion = 10.0.40219.1
Project("{9A19103F-16F7-4668-BE54-9A1E7A4F7556}") = "CarDealer.Domain", "CarDealer.Sale.Domain\CarDealer.Domain.csproj", "{DE081DD0-61EB-4800-B94A-C123B36A0B05}"
EndProject
Project("{9A19103F-16F7-4668-BE54-9A1E7A4F7556}") = "CarDealer.Persistence", "CarDealer.Persistence\CarDealer.Persistence.csproj", "{E20AB825-070F-4F0E-9C2D-B532CFFBC120}"
EndProject
Project("{9A19103F-16F7-4668-BE54-9A1E7A4F7556}") = "CarDealer.Application", "CarDealer.Application\CarDealer.Application.csproj", "{16534B25-C035-4D31-90D2-886065034A8E}"
EndProject
Project("{9A19103F-16F7-4668-BE54-9A1E7A4F7556}") = "CarDealer.Api", "CarDealer.Api\CarDealer.Api.csproj", "{D3A090FD-E436-4C70-80D7-7500B7E89A79}"
EndProject
Project("{9A19103F-16F7-4668-BE54-9A1E7A4F7556}") = "CarDealer.Domain.Test", "CarDealer.Domain.Test\CarDealer.Domain.Test.csproj", "{A41664CF-66E1-4C74-8D65-D8E37BA84005}"
EndProject
Project("{FAE04EC0-301F-11D3-BF4B-00C04F79EFBC}") = "CarDealer.Infrastructure", "CarDealer.Infrastructure\CarDealer.Infrastructure.csproj", "{BDC7C1BC-A551-4EB2-8455-1E4A0B9D2F94}"
EndProject
Global
	GlobalSection(SolutionConfigurationPlatforms) = preSolution
		Debug|Any CPU = Debug|Any CPU
		Release|Any CPU = Release|Any CPU
	EndGlobalSection
	GlobalSection(ProjectConfigurationPlatforms) = postSolution
		{DE081DD0-61EB-4800-B94A-C123B36A0B05}.Debug|Any CPU.ActiveCfg = Debug|Any CPU
		{DE081DD0-61EB-4800-B94A-C123B36A0B05}.Debug|Any CPU.Build.0 = Debug|Any CPU
		{DE081DD0-61EB-4800-B94A-C123B36A0B05}.Release|Any CPU.ActiveCfg = Release|Any CPU
		{DE081DD0-61EB-4800-B94A-C123B36A0B05}.Release|Any CPU.Build.0 = Release|Any CPU
		{E20AB825-070F-4F0E-9C2D-B532CFFBC120}.Debug|Any CPU.ActiveCfg = Debug|Any CPU
		{E20AB825-070F-4F0E-9C2D-B532CFFBC120}.Debug|Any CPU.Build.0 = Debug|Any CPU
		{E20AB825-070F-4F0E-9C2D-B532CFFBC120}.Release|Any CPU.ActiveCfg = Release|Any CPU
		{E20AB825-070F-4F0E-9C2D-B532CFFBC120}.Release|Any CPU.Build.0 = Release|Any CPU
		{16534B25-C035-4D31-90D2-886065034A8E}.Debug|Any CPU.ActiveCfg = Debug|Any CPU
		{16534B25-C035-4D31-90D2-886065034A8E}.Debug|Any CPU.Build.0 = Debug|Any CPU
		{16534B25-C035-4D31-90D2-886065034A8E}.Release|Any CPU.ActiveCfg = Release|Any CPU
		{16534B25-C035-4D31-90D2-886065034A8E}.Release|Any CPU.Build.0 = Release|Any CPU
		{D3A090FD-E436-4C70-80D7-7500B7E89A79}.Debug|Any CPU.ActiveCfg = Debug|Any CPU
		{D3A090FD-E436-4C70-80D7-7500B7E89A79}.Debug|Any CPU.Build.0 = Debug|Any CPU
		{D3A090FD-E436-4C70-80D7-7500B7E89A79}.Release|Any CPU.ActiveCfg = Release|Any CPU
		{D3A090FD-E436-4C70-80D7-7500B7E89A79}.Release|Any CPU.Build.0 = Release|Any CPU
		{A41664CF-66E1-4C74-8D65-D8E37BA84005}.Debug|Any CPU.ActiveCfg = Debug|Any CPU
		{A41664CF-66E1-4C74-8D65-D8E37BA84005}.Debug|Any CPU.Build.0 = Debug|Any CPU
		{A41664CF-66E1-4C74-8D65-D8E37BA84005}.Release|Any CPU.ActiveCfg = Release|Any CPU
		{A41664CF-66E1-4C74-8D65-D8E37BA84005}.Release|Any CPU.Build.0 = Release|Any CPU
		{BDC7C1BC-A551-4EB2-8455-1E4A0B9D2F94}.Debug|Any CPU.ActiveCfg = Debug|Any CPU
		{BDC7C1BC-A551-4EB2-8455-1E4A0B9D2F94}.Debug|Any CPU.Build.0 = Debug|Any CPU
		{BDC7C1BC-A551-4EB2-8455-1E4A0B9D2F94}.Release|Any CPU.ActiveCfg = Release|Any CPU
		{BDC7C1BC-A551-4EB2-8455-1E4A0B9D2F94}.Release|Any CPU.Build.0 = Release|Any CPU
	EndGlobalSection
	GlobalSection(SolutionProperties) = preSolution
		HideSolutionNode = FALSE
	EndGlobalSection
	GlobalSection(ExtensibilityGlobals) = postSolution
		SolutionGuid = {0249A5F6-EB89-4194-BB34-A51A136675ED}
	EndGlobalSection
EndGlobal
